
Microsoft Visual Studio Solution File, Format Version 12.00
# Visual Studio Version 16
VisualStudioVersion = 16.0.31624.102
MinimumVisualStudioVersion = 10.0.40219.1
Project("{FAE04EC0-301F-11D3-BF4B-00C04F79EFBC}") = "ChessMover_Mock_V2", "ChessMover_Mock_V2\ChessMover_Mock_V2.csproj", "{5E774AA6-899A-4CDE-96BD-B88B68AB2F8F}"
EndProject
Global
	GlobalSection(SolutionConfigurationPlatforms) = preSolution
		Debug|Any CPU = Debug|Any CPU
		Release|Any CPU = Release|Any CPU
	EndGlobalSection
	GlobalSection(ProjectConfigurationPlatforms) = postSolution
		{5E774AA6-899A-4CDE-96BD-B88B68AB2F8F}.Debug|Any CPU.ActiveCfg = Debug|Any CPU
		{5E774AA6-899A-4CDE-96BD-B88B68AB2F8F}.Debug|Any CPU.Build.0 = Debug|Any CPU
		{5E774AA6-899A-4CDE-96BD-B88B68AB2F8F}.Release|Any CPU.ActiveCfg = Release|Any CPU
		{5E774AA6-899A-4CDE-96BD-B88B68AB2F8F}.Release|Any CPU.Build.0 = Release|Any CPU
	EndGlobalSection
	GlobalSection(SolutionProperties) = preSolution
		HideSolutionNode = FALSE
	EndGlobalSection
	GlobalSection(ExtensibilityGlobals) = postSolution
		SolutionGuid = {54C6B7D9-FF64-4DE1-858F-113A55DB607A}
	EndGlobalSection
EndGlobal
